// !$*UTF8*$!
{
	archiveVersion = 1;
	classes = {
	};
	objectVersion = 48;
	objects = {

/* Begin PBXBuildFile section */
		1CE2B2739537B5C8B4DBBB0E /* libPods-TimeBook.a in Frameworks */ = {isa = PBXBuildFile; fileRef = 8573A51AF969AC52C637B1BF /* libPods-TimeBook.a */; };
		7B0057E81FD8D56900DAFF1E /* ScrollViewHeader.m in Sources */ = {isa = PBXBuildFile; fileRef = 7B0057E11FD8D56900DAFF1E /* ScrollViewHeader.m */; };
		7B0057E91FD8D56900DAFF1E /* BaseTableViewCell.m in Sources */ = {isa = PBXBuildFile; fileRef = 7B0057E41FD8D56900DAFF1E /* BaseTableViewCell.m */; };
		7B0057EA1FD8D56900DAFF1E /* BaseTableView.m in Sources */ = {isa = PBXBuildFile; fileRef = 7B0057E61FD8D56900DAFF1E /* BaseTableView.m */; };
		7B0057EB1FD8D56900DAFF1E /* ScrollViewFooter.m in Sources */ = {isa = PBXBuildFile; fileRef = 7B0057E71FD8D56900DAFF1E /* ScrollViewFooter.m */; };
		7B0058021FD8D58600DAFF1E /* NSDate+Category.m in Sources */ = {isa = PBXBuildFile; fileRef = 7B0057EF1FD8D58600DAFF1E /* NSDate+Category.m */; };
		7B0058031FD8D58600DAFF1E /* NSDateFormatter+Category.m in Sources */ = {isa = PBXBuildFile; fileRef = 7B0057F11FD8D58600DAFF1E /* NSDateFormatter+Category.m */; };
		7B0058041FD8D58600DAFF1E /* NSObject+Initializtion.m in Sources */ = {isa = PBXBuildFile; fileRef = 7B0057F31FD8D58600DAFF1E /* NSObject+Initializtion.m */; };
		7B0058061FD8D58600DAFF1E /* UIButton+Util.m in Sources */ = {isa = PBXBuildFile; fileRef = 7B0057F71FD8D58600DAFF1E /* UIButton+Util.m */; };
		7B0058071FD8D58600DAFF1E /* UIImage+Util.m in Sources */ = {isa = PBXBuildFile; fileRef = 7B0057F91FD8D58600DAFF1E /* UIImage+Util.m */; };
		7B0058081FD8D58600DAFF1E /* UIImageView+Util.m in Sources */ = {isa = PBXBuildFile; fileRef = 7B0057FB1FD8D58600DAFF1E /* UIImageView+Util.m */; };
		7B0058091FD8D58600DAFF1E /* UILabel+Util.m in Sources */ = {isa = PBXBuildFile; fileRef = 7B0057FD1FD8D58600DAFF1E /* UILabel+Util.m */; };
		7B00580A1FD8D58600DAFF1E /* UIScrollView+Util.m in Sources */ = {isa = PBXBuildFile; fileRef = 7B0057FF1FD8D58600DAFF1E /* UIScrollView+Util.m */; };
		7B00580B1FD8D58600DAFF1E /* UIView+Util.m in Sources */ = {isa = PBXBuildFile; fileRef = 7B0058011FD8D58600DAFF1E /* UIView+Util.m */; };
		7B00580E1FD8DCD400DAFF1E /* HomeController.m in Sources */ = {isa = PBXBuildFile; fileRef = 7B00580D1FD8DCD400DAFF1E /* HomeController.m */; };
		7B0058121FD8E30E00DAFF1E /* RecommendController.m in Sources */ = {isa = PBXBuildFile; fileRef = 7B0058101FD8E30E00DAFF1E /* RecommendController.m */; };
		7B0058131FD8E30E00DAFF1E /* RecommendController.xib in Resources */ = {isa = PBXBuildFile; fileRef = 7B0058111FD8E30E00DAFF1E /* RecommendController.xib */; };
		7B0058171FD8E32300DAFF1E /* SampleReelsController.m in Sources */ = {isa = PBXBuildFile; fileRef = 7B0058151FD8E32300DAFF1E /* SampleReelsController.m */; };
		7B0058181FD8E32300DAFF1E /* SampleReelsController.xib in Resources */ = {isa = PBXBuildFile; fileRef = 7B0058161FD8E32300DAFF1E /* SampleReelsController.xib */; };
		7B0058261FD8E94D00DAFF1E /* PGIndexBannerSubiew.m in Sources */ = {isa = PBXBuildFile; fileRef = 7B0058221FD8E94D00DAFF1E /* PGIndexBannerSubiew.m */; };
		7B0058271FD8E94D00DAFF1E /* NewPagedFlowView.m in Sources */ = {isa = PBXBuildFile; fileRef = 7B0058251FD8E94D00DAFF1E /* NewPagedFlowView.m */; };
		7B00582A1FD8EF2B00DAFF1E /* RecommendModel.m in Sources */ = {isa = PBXBuildFile; fileRef = 7B0058291FD8EF2B00DAFF1E /* RecommendModel.m */; };
		7B1ADB781FD91F9F0061FC69 /* RecommendDateDetailCtr.m in Sources */ = {isa = PBXBuildFile; fileRef = 7B1ADB761FD91F9F0061FC69 /* RecommendDateDetailCtr.m */; };
		7B1ADB791FD91F9F0061FC69 /* RecommendDateDetailCtr.xib in Resources */ = {isa = PBXBuildFile; fileRef = 7B1ADB771FD91F9F0061FC69 /* RecommendDateDetailCtr.xib */; };
		7B1ADB7D1FD91FBF0061FC69 /* RecommendArticleDetailCtr.m in Sources */ = {isa = PBXBuildFile; fileRef = 7B1ADB7B1FD91FBF0061FC69 /* RecommendArticleDetailCtr.m */; };
		7B1ADB7E1FD91FBF0061FC69 /* RecommendArticleDetailCtr.xib in Resources */ = {isa = PBXBuildFile; fileRef = 7B1ADB7C1FD91FBF0061FC69 /* RecommendArticleDetailCtr.xib */; };
		7B2CB0A71FECC4C5002682E6 /* AFNet.m in Sources */ = {isa = PBXBuildFile; fileRef = 7B2CB0A51FECC4C5002682E6 /* AFNet.m */; };
		7B3ACD6D1FDE7BA60099FB3D /* APPUtils.m in Sources */ = {isa = PBXBuildFile; fileRef = 7B3ACD6C1FDE7BA60099FB3D /* APPUtils.m */; };
		7B3ACD6F1FDE86BB0099FB3D /* ThemeColorView.xib in Resources */ = {isa = PBXBuildFile; fileRef = 7B3ACD6E1FDE86BB0099FB3D /* ThemeColorView.xib */; };
		7B3ACD721FDE86D10099FB3D /* ThemeColorView.m in Sources */ = {isa = PBXBuildFile; fileRef = 7B3ACD711FDE86D10099FB3D /* ThemeColorView.m */; };
		7B45781C1FDA415E0076FDCF /* RecommendArticleDetailCell.m in Sources */ = {isa = PBXBuildFile; fileRef = 7B45781A1FDA415E0076FDCF /* RecommendArticleDetailCell.m */; };
		7B45781D1FDA415E0076FDCF /* RecommendArticleDetailCell.xib in Resources */ = {isa = PBXBuildFile; fileRef = 7B45781B1FDA415E0076FDCF /* RecommendArticleDetailCell.xib */; };
		7B4578201FDA440E0076FDCF /* RecommendArticleDetailHeader.m in Sources */ = {isa = PBXBuildFile; fileRef = 7B45781F1FDA440E0076FDCF /* RecommendArticleDetailHeader.m */; };
		7B4578221FDA44210076FDCF /* RecommendArticleDetailHeader.xib in Resources */ = {isa = PBXBuildFile; fileRef = 7B4578211FDA44210076FDCF /* RecommendArticleDetailHeader.xib */; };
		7B524F131FDBB6A700B2BA79 /* WallpaperModel.m in Sources */ = {isa = PBXBuildFile; fileRef = 7B524F121FDBB6A700B2BA79 /* WallpaperModel.m */; };
		7B6668B31FD7ECBC009FD8AD /* AppDelegate.m in Sources */ = {isa = PBXBuildFile; fileRef = 7B6668B21FD7ECBC009FD8AD /* AppDelegate.m */; };
		7B6668B91FD7ECBC009FD8AD /* Main.storyboard in Resources */ = {isa = PBXBuildFile; fileRef = 7B6668B71FD7ECBC009FD8AD /* Main.storyboard */; };
		7B6668BB1FD7ECBC009FD8AD /* Assets.xcassets in Resources */ = {isa = PBXBuildFile; fileRef = 7B6668BA1FD7ECBC009FD8AD /* Assets.xcassets */; };
		7B6668BE1FD7ECBC009FD8AD /* LaunchScreen.storyboard in Resources */ = {isa = PBXBuildFile; fileRef = 7B6668BC1FD7ECBC009FD8AD /* LaunchScreen.storyboard */; };
		7B6668C11FD7ECBC009FD8AD /* main.m in Sources */ = {isa = PBXBuildFile; fileRef = 7B6668C01FD7ECBC009FD8AD /* main.m */; };
		7B81771B1FDE2A900056636F /* SampleReelsCell.m in Sources */ = {isa = PBXBuildFile; fileRef = 7B8177191FDE2A900056636F /* SampleReelsCell.m */; };
		7B81771C1FDE2A900056636F /* SampleReelsCell.xib in Resources */ = {isa = PBXBuildFile; fileRef = 7B81771A1FDE2A900056636F /* SampleReelsCell.xib */; };
		7B81771F1FDE59170056636F /* LaunchView.m in Sources */ = {isa = PBXBuildFile; fileRef = 7B81771D1FDE59160056636F /* LaunchView.m */; };
		7B8177211FDE5FB80056636F /* LaunchView.xib in Resources */ = {isa = PBXBuildFile; fileRef = 7B8177201FDE5FB80056636F /* LaunchView.xib */; };
		7B87EE281FD7F0DE00C0AA90 /* BaseNavigationController.m in Sources */ = {isa = PBXBuildFile; fileRef = 7B87EE221FD7F0DE00C0AA90 /* BaseNavigationController.m */; };
		7B87EE291FD7F0DE00C0AA90 /* BaseViewController.m in Sources */ = {isa = PBXBuildFile; fileRef = 7B87EE261FD7F0DE00C0AA90 /* BaseViewController.m */; };
		7B981F2D1FD9069E00363299 /* NSString+Util.m in Sources */ = {isa = PBXBuildFile; fileRef = 7B981F2B1FD9069E00363299 /* NSString+Util.m */; };
		FB43BE8B20A58C4200E3956F /* WallPagerCategoryController.m in Sources */ = {isa = PBXBuildFile; fileRef = FB43BE8A20A58C4200E3956F /* WallPagerCategoryController.m */; };
		FB43BE9320A58EF000E3956F /* WallPaperCategoryModel.m in Sources */ = {isa = PBXBuildFile; fileRef = FB43BE9220A58EF000E3956F /* WallPaperCategoryModel.m */; };
		FB43BE9720A5970700E3956F /* WallpaperCell.m in Sources */ = {isa = PBXBuildFile; fileRef = FB43BE9520A5970700E3956F /* WallpaperCell.m */; };
		FB43BE9820A5970700E3956F /* WallpaperCell.xib in Resources */ = {isa = PBXBuildFile; fileRef = FB43BE9620A5970700E3956F /* WallpaperCell.xib */; };
		FB43BE9C20A59B5700E3956F /* WallpaperHeaderView.m in Sources */ = {isa = PBXBuildFile; fileRef = FB43BE9A20A59B5700E3956F /* WallpaperHeaderView.m */; };
		FB43BE9D20A59B5700E3956F /* WallpaperHeaderView.xib in Resources */ = {isa = PBXBuildFile; fileRef = FB43BE9B20A59B5700E3956F /* WallpaperHeaderView.xib */; };
		FB43BEA020A5A27300E3956F /* WallpaperListController.m in Sources */ = {isa = PBXBuildFile; fileRef = FB43BE9F20A5A27300E3956F /* WallpaperListController.m */; };
		FB676D6E20ABCFAD00A1554C /* DDCircleProgressView.m in Sources */ = {isa = PBXBuildFile; fileRef = FB676D6D20ABCFAD00A1554C /* DDCircleProgressView.m */; };
		FB6E178E20BBB6CB00AC77C2 /* jcore-ios-1.1.9.a in Frameworks */ = {isa = PBXBuildFile; fileRef = FB6E178920BBB6CB00AC77C2 /* jcore-ios-1.1.9.a */; };
		FB6E178F20BBB6CB00AC77C2 /* jpush-ios-3.0.9.a in Frameworks */ = {isa = PBXBuildFile; fileRef = FB6E178C20BBB6CB00AC77C2 /* jpush-ios-3.0.9.a */; };
		FB6E179120BBBA3100AC77C2 /* libresolv.tbd in Frameworks */ = {isa = PBXBuildFile; fileRef = FB6E179020BBBA3100AC77C2 /* libresolv.tbd */; };
		FB6E179820BBBFE300AC77C2 /* janalytics-ios-1.2.1.a in Frameworks */ = {isa = PBXBuildFile; fileRef = FB6E179520BBBFE200AC77C2 /* janalytics-ios-1.2.1.a */; };
		FBA236EC20A93A09001C9C07 /* WallpaperDetailController.m in Sources */ = {isa = PBXBuildFile; fileRef = FBA236EB20A93A09001C9C07 /* WallpaperDetailController.m */; };
		FBA236EF20A93B68001C9C07 /* WallpaperBottomView.m in Sources */ = {isa = PBXBuildFile; fileRef = FBA236EE20A93B68001C9C07 /* WallpaperBottomView.m */; };
		FBA236F120A93B6F001C9C07 /* WallpaperBottomView.xib in Resources */ = {isa = PBXBuildFile; fileRef = FBA236F020A93B6F001C9C07 /* WallpaperBottomView.xib */; };
		FBA2371C20A96B39001C9C07 /* MyAnnotation.m in Sources */ = {isa = PBXBuildFile; fileRef = FBA2371B20A96B39001C9C07 /* MyAnnotation.m */; };
		FBA2372420A9907D001C9C07 /* LockWallpaperView.m in Sources */ = {isa = PBXBuildFile; fileRef = FBA2372320A9907D001C9C07 /* LockWallpaperView.m */; };
		FBA2372620A9908A001C9C07 /* LockWallpaperView.xib in Resources */ = {isa = PBXBuildFile; fileRef = FBA2372520A9908A001C9C07 /* LockWallpaperView.xib */; };
		FBA2372920A998C6001C9C07 /* MainScreenWallpaperView.m in Sources */ = {isa = PBXBuildFile; fileRef = FBA2372820A998C6001C9C07 /* MainScreenWallpaperView.m */; };
		FBA2372B20A998CD001C9C07 /* MainScreenWallpaperView.xib in Resources */ = {isa = PBXBuildFile; fileRef = FBA2372A20A998CD001C9C07 /* MainScreenWallpaperView.xib */; };
		FBA2372E20A9A4AF001C9C07 /* WallpaperDetailSetSheetView.m in Sources */ = {isa = PBXBuildFile; fileRef = FBA2372D20A9A4AF001C9C07 /* WallpaperDetailSetSheetView.m */; };
		FBA2373020A9A4B8001C9C07 /* WallpaperDetailSetSheetView.xib in Resources */ = {isa = PBXBuildFile; fileRef = FBA2372F20A9A4B8001C9C07 /* WallpaperDetailSetSheetView.xib */; };
/* End PBXBuildFile section */

/* Begin PBXFileReference section */
		7B0057E01FD8D56900DAFF1E /* ScrollViewFooter.h */ = {isa = PBXFileReference; fileEncoding = 4; lastKnownFileType = sourcecode.c.h; path = ScrollViewFooter.h; sourceTree = "<group>"; };
		7B0057E11FD8D56900DAFF1E /* ScrollViewHeader.m */ = {isa = PBXFileReference; fileEncoding = 4; lastKnownFileType = sourcecode.c.objc; path = ScrollViewHeader.m; sourceTree = "<group>"; };
		7B0057E21FD8D56900DAFF1E /* BaseTableView.h */ = {isa = PBXFileReference; fileEncoding = 4; lastKnownFileType = sourcecode.c.h; path = BaseTableView.h; sourceTree = "<group>"; };
		7B0057E31FD8D56900DAFF1E /* BaseTableViewCell.h */ = {isa = PBXFileReference; fileEncoding = 4; lastKnownFileType = sourcecode.c.h; path = BaseTableViewCell.h; sourceTree = "<group>"; };
		7B0057E41FD8D56900DAFF1E /* BaseTableViewCell.m */ = {isa = PBXFileReference; fileEncoding = 4; lastKnownFileType = sourcecode.c.objc; path = BaseTableViewCell.m; sourceTree = "<group>"; };
		7B0057E51FD8D56900DAFF1E /* ScrollViewHeader.h */ = {isa = PBXFileReference; fileEncoding = 4; lastKnownFileType = sourcecode.c.h; path = ScrollViewHeader.h; sourceTree = "<group>"; };
		7B0057E61FD8D56900DAFF1E /* BaseTableView.m */ = {isa = PBXFileReference; fileEncoding = 4; lastKnownFileType = sourcecode.c.objc; path = BaseTableView.m; sourceTree = "<group>"; };
		7B0057E71FD8D56900DAFF1E /* ScrollViewFooter.m */ = {isa = PBXFileReference; fileEncoding = 4; lastKnownFileType = sourcecode.c.objc; path = ScrollViewFooter.m; sourceTree = "<group>"; };
		7B0057ED1FD8D58600DAFF1E /* FrameworkUtil.h */ = {isa = PBXFileReference; fileEncoding = 4; lastKnownFileType = sourcecode.c.h; path = FrameworkUtil.h; sourceTree = "<group>"; };
		7B0057EE1FD8D58600DAFF1E /* NSDate+Category.h */ = {isa = PBXFileReference; fileEncoding = 4; lastKnownFileType = sourcecode.c.h; path = "NSDate+Category.h"; sourceTree = "<group>"; };
		7B0057EF1FD8D58600DAFF1E /* NSDate+Category.m */ = {isa = PBXFileReference; fileEncoding = 4; lastKnownFileType = sourcecode.c.objc; path = "NSDate+Category.m"; sourceTree = "<group>"; };
		7B0057F01FD8D58600DAFF1E /* NSDateFormatter+Category.h */ = {isa = PBXFileReference; fileEncoding = 4; lastKnownFileType = sourcecode.c.h; path = "NSDateFormatter+Category.h"; sourceTree = "<group>"; };
		7B0057F11FD8D58600DAFF1E /* NSDateFormatter+Category.m */ = {isa = PBXFileReference; fileEncoding = 4; lastKnownFileType = sourcecode.c.objc; path = "NSDateFormatter+Category.m"; sourceTree = "<group>"; };
		7B0057F21FD8D58600DAFF1E /* NSObject+Initializtion.h */ = {isa = PBXFileReference; fileEncoding = 4; lastKnownFileType = sourcecode.c.h; path = "NSObject+Initializtion.h"; sourceTree = "<group>"; };
		7B0057F31FD8D58600DAFF1E /* NSObject+Initializtion.m */ = {isa = PBXFileReference; fileEncoding = 4; lastKnownFileType = sourcecode.c.objc; path = "NSObject+Initializtion.m"; sourceTree = "<group>"; };
		7B0057F61FD8D58600DAFF1E /* UIButton+Util.h */ = {isa = PBXFileReference; fileEncoding = 4; lastKnownFileType = sourcecode.c.h; path = "UIButton+Util.h"; sourceTree = "<group>"; };
		7B0057F71FD8D58600DAFF1E /* UIButton+Util.m */ = {isa = PBXFileReference; fileEncoding = 4; lastKnownFileType = sourcecode.c.objc; path = "UIButton+Util.m"; sourceTree = "<group>"; };
		7B0057F81FD8D58600DAFF1E /* UIImage+Util.h */ = {isa = PBXFileReference; fileEncoding = 4; lastKnownFileType = sourcecode.c.h; path = "UIImage+Util.h"; sourceTree = "<group>"; };
		7B0057F91FD8D58600DAFF1E /* UIImage+Util.m */ = {isa = PBXFileReference; fileEncoding = 4; lastKnownFileType = sourcecode.c.objc; path = "UIImage+Util.m"; sourceTree = "<group>"; };
		7B0057FA1FD8D58600DAFF1E /* UIImageView+Util.h */ = {isa = PBXFileReference; fileEncoding = 4; lastKnownFileType = sourcecode.c.h; path = "UIImageView+Util.h"; sourceTree = "<group>"; };
		7B0057FB1FD8D58600DAFF1E /* UIImageView+Util.m */ = {isa = PBXFileReference; fileEncoding = 4; lastKnownFileType = sourcecode.c.objc; path = "UIImageView+Util.m"; sourceTree = "<group>"; };
		7B0057FC1FD8D58600DAFF1E /* UILabel+Util.h */ = {isa = PBXFileReference; fileEncoding = 4; lastKnownFileType = sourcecode.c.h; path = "UILabel+Util.h"; sourceTree = "<group>"; };
		7B0057FD1FD8D58600DAFF1E /* UILabel+Util.m */ = {isa = PBXFileReference; fileEncoding = 4; lastKnownFileType = sourcecode.c.objc; path = "UILabel+Util.m"; sourceTree = "<group>"; };
		7B0057FE1FD8D58600DAFF1E /* UIScrollView+Util.h */ = {isa = PBXFileReference; fileEncoding = 4; lastKnownFileType = sourcecode.c.h; path = "UIScrollView+Util.h"; sourceTree = "<group>"; };
		7B0057FF1FD8D58600DAFF1E /* UIScrollView+Util.m */ = {isa = PBXFileReference; fileEncoding = 4; lastKnownFileType = sourcecode.c.objc; path = "UIScrollView+Util.m"; sourceTree = "<group>"; };
		7B0058001FD8D58600DAFF1E /* UIView+Util.h */ = {isa = PBXFileReference; fileEncoding = 4; lastKnownFileType = sourcecode.c.h; path = "UIView+Util.h"; sourceTree = "<group>"; };
		7B0058011FD8D58600DAFF1E /* UIView+Util.m */ = {isa = PBXFileReference; fileEncoding = 4; lastKnownFileType = sourcecode.c.objc; path = "UIView+Util.m"; sourceTree = "<group>"; };
		7B00580C1FD8DCD400DAFF1E /* HomeController.h */ = {isa = PBXFileReference; lastKnownFileType = sourcecode.c.h; path = HomeController.h; sourceTree = "<group>"; };
		7B00580D1FD8DCD400DAFF1E /* HomeController.m */ = {isa = PBXFileReference; lastKnownFileType = sourcecode.c.objc; path = HomeController.m; sourceTree = "<group>"; };
		7B00580F1FD8E30E00DAFF1E /* RecommendController.h */ = {isa = PBXFileReference; lastKnownFileType = sourcecode.c.h; path = RecommendController.h; sourceTree = "<group>"; };
		7B0058101FD8E30E00DAFF1E /* RecommendController.m */ = {isa = PBXFileReference; lastKnownFileType = sourcecode.c.objc; path = RecommendController.m; sourceTree = "<group>"; };
		7B0058111FD8E30E00DAFF1E /* RecommendController.xib */ = {isa = PBXFileReference; lastKnownFileType = file.xib; path = RecommendController.xib; sourceTree = "<group>"; };
		7B0058141FD8E32300DAFF1E /* SampleReelsController.h */ = {isa = PBXFileReference; lastKnownFileType = sourcecode.c.h; path = SampleReelsController.h; sourceTree = "<group>"; };
		7B0058151FD8E32300DAFF1E /* SampleReelsController.m */ = {isa = PBXFileReference; lastKnownFileType = sourcecode.c.objc; path = SampleReelsController.m; sourceTree = "<group>"; };
		7B0058161FD8E32300DAFF1E /* SampleReelsController.xib */ = {isa = PBXFileReference; lastKnownFileType = file.xib; path = SampleReelsController.xib; sourceTree = "<group>"; };
		7B0058211FD8E94D00DAFF1E /* PGIndexBannerSubiew.h */ = {isa = PBXFileReference; fileEncoding = 4; lastKnownFileType = sourcecode.c.h; path = PGIndexBannerSubiew.h; sourceTree = "<group>"; };
		7B0058221FD8E94D00DAFF1E /* PGIndexBannerSubiew.m */ = {isa = PBXFileReference; fileEncoding = 4; lastKnownFileType = sourcecode.c.objc; path = PGIndexBannerSubiew.m; sourceTree = "<group>"; };
		7B0058241FD8E94D00DAFF1E /* NewPagedFlowView.h */ = {isa = PBXFileReference; fileEncoding = 4; lastKnownFileType = sourcecode.c.h; path = NewPagedFlowView.h; sourceTree = "<group>"; };
		7B0058251FD8E94D00DAFF1E /* NewPagedFlowView.m */ = {isa = PBXFileReference; fileEncoding = 4; lastKnownFileType = sourcecode.c.objc; path = NewPagedFlowView.m; sourceTree = "<group>"; };
		7B0058281FD8EF2B00DAFF1E /* RecommendModel.h */ = {isa = PBXFileReference; lastKnownFileType = sourcecode.c.h; path = RecommendModel.h; sourceTree = "<group>"; };
		7B0058291FD8EF2B00DAFF1E /* RecommendModel.m */ = {isa = PBXFileReference; lastKnownFileType = sourcecode.c.objc; path = RecommendModel.m; sourceTree = "<group>"; };
		7B1ADB751FD91F9F0061FC69 /* RecommendDateDetailCtr.h */ = {isa = PBXFileReference; lastKnownFileType = sourcecode.c.h; path = RecommendDateDetailCtr.h; sourceTree = "<group>"; };
		7B1ADB761FD91F9F0061FC69 /* RecommendDateDetailCtr.m */ = {isa = PBXFileReference; lastKnownFileType = sourcecode.c.objc; path = RecommendDateDetailCtr.m; sourceTree = "<group>"; };
		7B1ADB771FD91F9F0061FC69 /* RecommendDateDetailCtr.xib */ = {isa = PBXFileReference; lastKnownFileType = file.xib; path = RecommendDateDetailCtr.xib; sourceTree = "<group>"; };
		7B1ADB7A1FD91FBF0061FC69 /* RecommendArticleDetailCtr.h */ = {isa = PBXFileReference; lastKnownFileType = sourcecode.c.h; path = RecommendArticleDetailCtr.h; sourceTree = "<group>"; };
		7B1ADB7B1FD91FBF0061FC69 /* RecommendArticleDetailCtr.m */ = {isa = PBXFileReference; lastKnownFileType = sourcecode.c.objc; path = RecommendArticleDetailCtr.m; sourceTree = "<group>"; };
		7B1ADB7C1FD91FBF0061FC69 /* RecommendArticleDetailCtr.xib */ = {isa = PBXFileReference; lastKnownFileType = file.xib; path = RecommendArticleDetailCtr.xib; sourceTree = "<group>"; };
		7B2CB0A51FECC4C5002682E6 /* AFNet.m */ = {isa = PBXFileReference; fileEncoding = 4; lastKnownFileType = sourcecode.c.objc; path = AFNet.m; sourceTree = "<group>"; };
		7B2CB0A61FECC4C5002682E6 /* AFNet.h */ = {isa = PBXFileReference; fileEncoding = 4; lastKnownFileType = sourcecode.c.h; path = AFNet.h; sourceTree = "<group>"; };
		7B3ACD6B1FDE7BA60099FB3D /* APPUtils.h */ = {isa = PBXFileReference; lastKnownFileType = sourcecode.c.h; path = APPUtils.h; sourceTree = "<group>"; };
		7B3ACD6C1FDE7BA60099FB3D /* APPUtils.m */ = {isa = PBXFileReference; lastKnownFileType = sourcecode.c.objc; path = APPUtils.m; sourceTree = "<group>"; };
		7B3ACD6E1FDE86BB0099FB3D /* ThemeColorView.xib */ = {isa = PBXFileReference; lastKnownFileType = file.xib; path = ThemeColorView.xib; sourceTree = "<group>"; };
		7B3ACD701FDE86D10099FB3D /* ThemeColorView.h */ = {isa = PBXFileReference; lastKnownFileType = sourcecode.c.h; path = ThemeColorView.h; sourceTree = "<group>"; };
		7B3ACD711FDE86D10099FB3D /* ThemeColorView.m */ = {isa = PBXFileReference; lastKnownFileType = sourcecode.c.objc; path = ThemeColorView.m; sourceTree = "<group>"; };
		7B4578191FDA415E0076FDCF /* RecommendArticleDetailCell.h */ = {isa = PBXFileReference; lastKnownFileType = sourcecode.c.h; path = RecommendArticleDetailCell.h; sourceTree = "<group>"; };
		7B45781A1FDA415E0076FDCF /* RecommendArticleDetailCell.m */ = {isa = PBXFileReference; lastKnownFileType = sourcecode.c.objc; path = RecommendArticleDetailCell.m; sourceTree = "<group>"; };
		7B45781B1FDA415E0076FDCF /* RecommendArticleDetailCell.xib */ = {isa = PBXFileReference; lastKnownFileType = file.xib; path = RecommendArticleDetailCell.xib; sourceTree = "<group>"; };
		7B45781E1FDA440E0076FDCF /* RecommendArticleDetailHeader.h */ = {isa = PBXFileReference; lastKnownFileType = sourcecode.c.h; path = RecommendArticleDetailHeader.h; sourceTree = "<group>"; };
		7B45781F1FDA440E0076FDCF /* RecommendArticleDetailHeader.m */ = {isa = PBXFileReference; lastKnownFileType = sourcecode.c.objc; path = RecommendArticleDetailHeader.m; sourceTree = "<group>"; };
		7B4578211FDA44210076FDCF /* RecommendArticleDetailHeader.xib */ = {isa = PBXFileReference; lastKnownFileType = file.xib; path = RecommendArticleDetailHeader.xib; sourceTree = "<group>"; };
		7B524F111FDBB6A700B2BA79 /* WallpaperModel.h */ = {isa = PBXFileReference; lastKnownFileType = sourcecode.c.h; path = WallpaperModel.h; sourceTree = "<group>"; };
		7B524F121FDBB6A700B2BA79 /* WallpaperModel.m */ = {isa = PBXFileReference; lastKnownFileType = sourcecode.c.objc; path = WallpaperModel.m; sourceTree = "<group>"; };
		7B6668AE1FD7ECBB009FD8AD /* TimeBook.app */ = {isa = PBXFileReference; explicitFileType = wrapper.application; includeInIndex = 0; path = TimeBook.app; sourceTree = BUILT_PRODUCTS_DIR; };
		7B6668B11FD7ECBC009FD8AD /* AppDelegate.h */ = {isa = PBXFileReference; lastKnownFileType = sourcecode.c.h; path = AppDelegate.h; sourceTree = "<group>"; };
		7B6668B21FD7ECBC009FD8AD /* AppDelegate.m */ = {isa = PBXFileReference; lastKnownFileType = sourcecode.c.objc; path = AppDelegate.m; sourceTree = "<group>"; };
		7B6668B81FD7ECBC009FD8AD /* Base */ = {isa = PBXFileReference; lastKnownFileType = file.storyboard; name = Base; path = Base.lproj/Main.storyboard; sourceTree = "<group>"; };
		7B6668BA1FD7ECBC009FD8AD /* Assets.xcassets */ = {isa = PBXFileReference; lastKnownFileType = folder.assetcatalog; path = Assets.xcassets; sourceTree = "<group>"; };
		7B6668BD1FD7ECBC009FD8AD /* Base */ = {isa = PBXFileReference; lastKnownFileType = file.storyboard; name = Base; path = Base.lproj/LaunchScreen.storyboard; sourceTree = "<group>"; };
		7B6668BF1FD7ECBC009FD8AD /* Info.plist */ = {isa = PBXFileReference; lastKnownFileType = text.plist.xml; path = Info.plist; sourceTree = "<group>"; };
		7B6668C01FD7ECBC009FD8AD /* main.m */ = {isa = PBXFileReference; lastKnownFileType = sourcecode.c.objc; path = main.m; sourceTree = "<group>"; };
		7B8177181FDE2A900056636F /* SampleReelsCell.h */ = {isa = PBXFileReference; lastKnownFileType = sourcecode.c.h; path = SampleReelsCell.h; sourceTree = "<group>"; };
		7B8177191FDE2A900056636F /* SampleReelsCell.m */ = {isa = PBXFileReference; lastKnownFileType = sourcecode.c.objc; path = SampleReelsCell.m; sourceTree = "<group>"; };
		7B81771A1FDE2A900056636F /* SampleReelsCell.xib */ = {isa = PBXFileReference; lastKnownFileType = file.xib; path = SampleReelsCell.xib; sourceTree = "<group>"; };
		7B81771D1FDE59160056636F /* LaunchView.m */ = {isa = PBXFileReference; fileEncoding = 4; lastKnownFileType = sourcecode.c.objc; path = LaunchView.m; sourceTree = "<group>"; };
		7B81771E1FDE59170056636F /* LaunchView.h */ = {isa = PBXFileReference; fileEncoding = 4; lastKnownFileType = sourcecode.c.h; path = LaunchView.h; sourceTree = "<group>"; };
		7B8177201FDE5FB80056636F /* LaunchView.xib */ = {isa = PBXFileReference; lastKnownFileType = file.xib; path = LaunchView.xib; sourceTree = "<group>"; };
		7B87EE221FD7F0DE00C0AA90 /* BaseNavigationController.m */ = {isa = PBXFileReference; fileEncoding = 4; lastKnownFileType = sourcecode.c.objc; path = BaseNavigationController.m; sourceTree = "<group>"; };
		7B87EE241FD7F0DE00C0AA90 /* BaseNavigationController.h */ = {isa = PBXFileReference; fileEncoding = 4; lastKnownFileType = sourcecode.c.h; path = BaseNavigationController.h; sourceTree = "<group>"; };
		7B87EE251FD7F0DE00C0AA90 /* BaseViewController.h */ = {isa = PBXFileReference; fileEncoding = 4; lastKnownFileType = sourcecode.c.h; path = BaseViewController.h; sourceTree = "<group>"; };
		7B87EE261FD7F0DE00C0AA90 /* BaseViewController.m */ = {isa = PBXFileReference; fileEncoding = 4; lastKnownFileType = sourcecode.c.objc; path = BaseViewController.m; sourceTree = "<group>"; };
		7B87EE2B1FD7F17E00C0AA90 /* AppHeader.pch */ = {isa = PBXFileReference; lastKnownFileType = sourcecode.c.h; path = AppHeader.pch; sourceTree = "<group>"; };
		7B87EE2C1FD7F26D00C0AA90 /* APPConfig.h */ = {isa = PBXFileReference; fileEncoding = 4; lastKnownFileType = sourcecode.c.h; path = APPConfig.h; sourceTree = "<group>"; };
		7B87EE301FD7F26D00C0AA90 /* AppFramework.h */ = {isa = PBXFileReference; fileEncoding = 4; lastKnownFileType = sourcecode.c.h; path = AppFramework.h; sourceTree = "<group>"; };
		7B981F2B1FD9069E00363299 /* NSString+Util.m */ = {isa = PBXFileReference; fileEncoding = 4; lastKnownFileType = sourcecode.c.objc; path = "NSString+Util.m"; sourceTree = "<group>"; };
		7B981F2C1FD9069E00363299 /* NSString+Util.h */ = {isa = PBXFileReference; fileEncoding = 4; lastKnownFileType = sourcecode.c.h; path = "NSString+Util.h"; sourceTree = "<group>"; };
		8573A51AF969AC52C637B1BF /* libPods-TimeBook.a */ = {isa = PBXFileReference; explicitFileType = archive.ar; includeInIndex = 0; path = "libPods-TimeBook.a"; sourceTree = BUILT_PRODUCTS_DIR; };
		9F1F43216DAB7A52ECE269C0 /* Pods-TimeBook.debug.xcconfig */ = {isa = PBXFileReference; includeInIndex = 1; lastKnownFileType = text.xcconfig; name = "Pods-TimeBook.debug.xcconfig"; path = "Pods/Target Support Files/Pods-TimeBook/Pods-TimeBook.debug.xcconfig"; sourceTree = "<group>"; };
		ED4683E5D6D961CECBB925F0 /* Pods-TimeBook.release.xcconfig */ = {isa = PBXFileReference; includeInIndex = 1; lastKnownFileType = text.xcconfig; name = "Pods-TimeBook.release.xcconfig"; path = "Pods/Target Support Files/Pods-TimeBook/Pods-TimeBook.release.xcconfig"; sourceTree = "<group>"; };
		FB43BE8920A58C4200E3956F /* WallPagerCategoryController.h */ = {isa = PBXFileReference; lastKnownFileType = sourcecode.c.h; path = WallPagerCategoryController.h; sourceTree = "<group>"; };
		FB43BE8A20A58C4200E3956F /* WallPagerCategoryController.m */ = {isa = PBXFileReference; lastKnownFileType = sourcecode.c.objc; path = WallPagerCategoryController.m; sourceTree = "<group>"; };
		FB43BE9120A58EF000E3956F /* WallPaperCategoryModel.h */ = {isa = PBXFileReference; lastKnownFileType = sourcecode.c.h; path = WallPaperCategoryModel.h; sourceTree = "<group>"; };
		FB43BE9220A58EF000E3956F /* WallPaperCategoryModel.m */ = {isa = PBXFileReference; lastKnownFileType = sourcecode.c.objc; path = WallPaperCategoryModel.m; sourceTree = "<group>"; };
		FB43BE9420A5970700E3956F /* WallpaperCell.h */ = {isa = PBXFileReference; lastKnownFileType = sourcecode.c.h; path = WallpaperCell.h; sourceTree = "<group>"; };
		FB43BE9520A5970700E3956F /* WallpaperCell.m */ = {isa = PBXFileReference; lastKnownFileType = sourcecode.c.objc; path = WallpaperCell.m; sourceTree = "<group>"; };
		FB43BE9620A5970700E3956F /* WallpaperCell.xib */ = {isa = PBXFileReference; lastKnownFileType = file.xib; path = WallpaperCell.xib; sourceTree = "<group>"; };
		FB43BE9920A59B5700E3956F /* WallpaperHeaderView.h */ = {isa = PBXFileReference; lastKnownFileType = sourcecode.c.h; path = WallpaperHeaderView.h; sourceTree = "<group>"; };
		FB43BE9A20A59B5700E3956F /* WallpaperHeaderView.m */ = {isa = PBXFileReference; lastKnownFileType = sourcecode.c.objc; path = WallpaperHeaderView.m; sourceTree = "<group>"; };
		FB43BE9B20A59B5700E3956F /* WallpaperHeaderView.xib */ = {isa = PBXFileReference; lastKnownFileType = file.xib; path = WallpaperHeaderView.xib; sourceTree = "<group>"; };
		FB43BE9E20A5A27300E3956F /* WallpaperListController.h */ = {isa = PBXFileReference; lastKnownFileType = sourcecode.c.h; path = WallpaperListController.h; sourceTree = "<group>"; };
		FB43BE9F20A5A27300E3956F /* WallpaperListController.m */ = {isa = PBXFileReference; lastKnownFileType = sourcecode.c.objc; path = WallpaperListController.m; sourceTree = "<group>"; };
		FB676D6C20ABCFAD00A1554C /* DDCircleProgressView.h */ = {isa = PBXFileReference; lastKnownFileType = sourcecode.c.h; path = DDCircleProgressView.h; sourceTree = "<group>"; };
		FB676D6D20ABCFAD00A1554C /* DDCircleProgressView.m */ = {isa = PBXFileReference; lastKnownFileType = sourcecode.c.objc; path = DDCircleProgressView.m; sourceTree = "<group>"; };
		FB6E178620BBB41D00AC77C2 /* TimeBook.entitlements */ = {isa = PBXFileReference; lastKnownFileType = text.plist.entitlements; path = TimeBook.entitlements; sourceTree = "<group>"; };
		FB6E178920BBB6CB00AC77C2 /* jcore-ios-1.1.9.a */ = {isa = PBXFileReference; lastKnownFileType = archive.ar; path = "jcore-ios-1.1.9.a"; sourceTree = "<group>"; };
		FB6E178A20BBB6CB00AC77C2 /* JPushNotificationExtensionService.h */ = {isa = PBXFileReference; fileEncoding = 4; lastKnownFileType = sourcecode.c.h; path = JPushNotificationExtensionService.h; sourceTree = "<group>"; };
		FB6E178B20BBB6CB00AC77C2 /* JPUSHService.h */ = {isa = PBXFileReference; fileEncoding = 4; lastKnownFileType = sourcecode.c.h; path = JPUSHService.h; sourceTree = "<group>"; };
		FB6E178C20BBB6CB00AC77C2 /* jpush-ios-3.0.9.a */ = {isa = PBXFileReference; lastKnownFileType = archive.ar; path = "jpush-ios-3.0.9.a"; sourceTree = "<group>"; };
		FB6E179020BBBA3100AC77C2 /* libresolv.tbd */ = {isa = PBXFileReference; lastKnownFileType = "sourcecode.text-based-dylib-definition"; name = libresolv.tbd; path = usr/lib/libresolv.tbd; sourceTree = SDKROOT; };
		FB6E179420BBBFE200AC77C2 /* JANALYTICSService.h */ = {isa = PBXFileReference; fileEncoding = 4; lastKnownFileType = sourcecode.c.h; path = JANALYTICSService.h; sourceTree = "<group>"; };
		FB6E179520BBBFE200AC77C2 /* janalytics-ios-1.2.1.a */ = {isa = PBXFileReference; lastKnownFileType = archive.ar; path = "janalytics-ios-1.2.1.a"; sourceTree = "<group>"; };
		FB6E179620BBBFE200AC77C2 /* JANALYTICSEventObject.h */ = {isa = PBXFileReference; fileEncoding = 4; lastKnownFileType = sourcecode.c.h; path = JANALYTICSEventObject.h; sourceTree = "<group>"; };
		FBA236EA20A93A09001C9C07 /* WallpaperDetailController.h */ = {isa = PBXFileReference; lastKnownFileType = sourcecode.c.h; path = WallpaperDetailController.h; sourceTree = "<group>"; };
		FBA236EB20A93A09001C9C07 /* WallpaperDetailController.m */ = {isa = PBXFileReference; lastKnownFileType = sourcecode.c.objc; path = WallpaperDetailController.m; sourceTree = "<group>"; };
		FBA236ED20A93B68001C9C07 /* WallpaperBottomView.h */ = {isa = PBXFileReference; lastKnownFileType = sourcecode.c.h; path = WallpaperBottomView.h; sourceTree = "<group>"; };
		FBA236EE20A93B68001C9C07 /* WallpaperBottomView.m */ = {isa = PBXFileReference; lastKnownFileType = sourcecode.c.objc; path = WallpaperBottomView.m; sourceTree = "<group>"; };
		FBA236F020A93B6F001C9C07 /* WallpaperBottomView.xib */ = {isa = PBXFileReference; lastKnownFileType = file.xib; path = WallpaperBottomView.xib; sourceTree = "<group>"; };
		FBA2371A20A96B39001C9C07 /* MyAnnotation.h */ = {isa = PBXFileReference; lastKnownFileType = sourcecode.c.h; path = MyAnnotation.h; sourceTree = "<group>"; };
		FBA2371B20A96B39001C9C07 /* MyAnnotation.m */ = {isa = PBXFileReference; lastKnownFileType = sourcecode.c.objc; path = MyAnnotation.m; sourceTree = "<group>"; };
		FBA2372220A9907D001C9C07 /* LockWallpaperView.h */ = {isa = PBXFileReference; lastKnownFileType = sourcecode.c.h; path = LockWallpaperView.h; sourceTree = "<group>"; };
		FBA2372320A9907D001C9C07 /* LockWallpaperView.m */ = {isa = PBXFileReference; lastKnownFileType = sourcecode.c.objc; path = LockWallpaperView.m; sourceTree = "<group>"; };
		FBA2372520A9908A001C9C07 /* LockWallpaperView.xib */ = {isa = PBXFileReference; lastKnownFileType = file.xib; path = LockWallpaperView.xib; sourceTree = "<group>"; };
		FBA2372720A998C6001C9C07 /* MainScreenWallpaperView.h */ = {isa = PBXFileReference; lastKnownFileType = sourcecode.c.h; path = MainScreenWallpaperView.h; sourceTree = "<group>"; };
		FBA2372820A998C6001C9C07 /* MainScreenWallpaperView.m */ = {isa = PBXFileReference; lastKnownFileType = sourcecode.c.objc; path = MainScreenWallpaperView.m; sourceTree = "<group>"; };
		FBA2372A20A998CD001C9C07 /* MainScreenWallpaperView.xib */ = {isa = PBXFileReference; lastKnownFileType = file.xib; path = MainScreenWallpaperView.xib; sourceTree = "<group>"; };
		FBA2372C20A9A4AF001C9C07 /* WallpaperDetailSetSheetView.h */ = {isa = PBXFileReference; lastKnownFileType = sourcecode.c.h; path = WallpaperDetailSetSheetView.h; sourceTree = "<group>"; };
		FBA2372D20A9A4AF001C9C07 /* WallpaperDetailSetSheetView.m */ = {isa = PBXFileReference; lastKnownFileType = sourcecode.c.objc; path = WallpaperDetailSetSheetView.m; sourceTree = "<group>"; };
		FBA2372F20A9A4B8001C9C07 /* WallpaperDetailSetSheetView.xib */ = {isa = PBXFileReference; lastKnownFileType = file.xib; path = WallpaperDetailSetSheetView.xib; sourceTree = "<group>"; };
/* End PBXFileReference section */

/* Begin PBXFrameworksBuildPhase section */
		7B6668AB1FD7ECBB009FD8AD /* Frameworks */ = {
			isa = PBXFrameworksBuildPhase;
			buildActionMask = 2147483647;
			files = (
				FB6E179820BBBFE300AC77C2 /* janalytics-ios-1.2.1.a in Frameworks */,
				FB6E178E20BBB6CB00AC77C2 /* jcore-ios-1.1.9.a in Frameworks */,
				FB6E179120BBBA3100AC77C2 /* libresolv.tbd in Frameworks */,
				1CE2B2739537B5C8B4DBBB0E /* libPods-TimeBook.a in Frameworks */,
				FB6E178F20BBB6CB00AC77C2 /* jpush-ios-3.0.9.a in Frameworks */,
			);
			runOnlyForDeploymentPostprocessing = 0;
		};
/* End PBXFrameworksBuildPhase section */

/* Begin PBXGroup section */
		61E332E524C6061C12D10874 /* Frameworks */ = {
			isa = PBXGroup;
			children = (
				FB6E179020BBBA3100AC77C2 /* libresolv.tbd */,
				8573A51AF969AC52C637B1BF /* libPods-TimeBook.a */,
			);
			name = Frameworks;
			sourceTree = "<group>";
		};
		703055F8E5AB019E859B7B51 /* Pods */ = {
			isa = PBXGroup;
			children = (
				9F1F43216DAB7A52ECE269C0 /* Pods-TimeBook.debug.xcconfig */,
				ED4683E5D6D961CECBB925F0 /* Pods-TimeBook.release.xcconfig */,
			);
			name = Pods;
			sourceTree = "<group>";
		};
		7B0057EC1FD8D58600DAFF1E /* Categories */ = {
			isa = PBXGroup;
			children = (
				7B0057ED1FD8D58600DAFF1E /* FrameworkUtil.h */,
				7B0057EE1FD8D58600DAFF1E /* NSDate+Category.h */,
				7B0057EF1FD8D58600DAFF1E /* NSDate+Category.m */,
				7B981F2C1FD9069E00363299 /* NSString+Util.h */,
				7B981F2B1FD9069E00363299 /* NSString+Util.m */,
				7B0057F01FD8D58600DAFF1E /* NSDateFormatter+Category.h */,
				7B0057F11FD8D58600DAFF1E /* NSDateFormatter+Category.m */,
				7B0057F21FD8D58600DAFF1E /* NSObject+Initializtion.h */,
				7B0057F31FD8D58600DAFF1E /* NSObject+Initializtion.m */,
				7B0057F61FD8D58600DAFF1E /* UIButton+Util.h */,
				7B0057F71FD8D58600DAFF1E /* UIButton+Util.m */,
				7B0057F81FD8D58600DAFF1E /* UIImage+Util.h */,
				7B0057F91FD8D58600DAFF1E /* UIImage+Util.m */,
				7B0057FA1FD8D58600DAFF1E /* UIImageView+Util.h */,
				7B0057FB1FD8D58600DAFF1E /* UIImageView+Util.m */,
				7B0057FC1FD8D58600DAFF1E /* UILabel+Util.h */,
				7B0057FD1FD8D58600DAFF1E /* UILabel+Util.m */,
				7B0057FE1FD8D58600DAFF1E /* UIScrollView+Util.h */,
				7B0057FF1FD8D58600DAFF1E /* UIScrollView+Util.m */,
				7B0058001FD8D58600DAFF1E /* UIView+Util.h */,
				7B0058011FD8D58600DAFF1E /* UIView+Util.m */,
			);
			path = Categories;
			sourceTree = "<group>";
		};
		7B00581E1FD8E94500DAFF1E /* Vendor */ = {
			isa = PBXGroup;
			children = (
				FB6E179220BBBFE200AC77C2 /* janalytics */,
				FB6E178720BBB6CB00AC77C2 /* Jpush */,
				7B00581F1FD8E94D00DAFF1E /* NewPagedFlowView */,
			);
			path = Vendor;
			sourceTree = "<group>";
		};
		7B00581F1FD8E94D00DAFF1E /* NewPagedFlowView */ = {
			isa = PBXGroup;
			children = (
				7B0058201FD8E94D00DAFF1E /* CustomeView */,
				7B0058231FD8E94D00DAFF1E /* NewPagedFlowView */,
			);
			path = NewPagedFlowView;
			sourceTree = "<group>";
		};
		7B0058201FD8E94D00DAFF1E /* CustomeView */ = {
			isa = PBXGroup;
			children = (
				7B0058211FD8E94D00DAFF1E /* PGIndexBannerSubiew.h */,
				7B0058221FD8E94D00DAFF1E /* PGIndexBannerSubiew.m */,
			);
			path = CustomeView;
			sourceTree = "<group>";
		};
		7B0058231FD8E94D00DAFF1E /* NewPagedFlowView */ = {
			isa = PBXGroup;
			children = (
				7B0058241FD8E94D00DAFF1E /* NewPagedFlowView.h */,
				7B0058251FD8E94D00DAFF1E /* NewPagedFlowView.m */,
			);
			path = NewPagedFlowView;
			sourceTree = "<group>";
		};
		7B6668A51FD7ECBB009FD8AD = {
			isa = PBXGroup;
			children = (
				7B6668B01FD7ECBB009FD8AD /* TimeBook */,
				7B6668AF1FD7ECBB009FD8AD /* Products */,
				703055F8E5AB019E859B7B51 /* Pods */,
				61E332E524C6061C12D10874 /* Frameworks */,
			);
			sourceTree = "<group>";
		};
		7B6668AF1FD7ECBB009FD8AD /* Products */ = {
			isa = PBXGroup;
			children = (
				7B6668AE1FD7ECBB009FD8AD /* TimeBook.app */,
			);
			name = Products;
			sourceTree = "<group>";
		};
		7B6668B01FD7ECBB009FD8AD /* TimeBook */ = {
			isa = PBXGroup;
			children = (
				FB6E178620BBB41D00AC77C2 /* TimeBook.entitlements */,
				7B87EE1C1FD7F09300C0AA90 /* Recommend */,
				7B87EE1D1FD7F09300C0AA90 /* SampleReels */,
				7B87EE1E1FD7F09300C0AA90 /* Wallpaper */,
				7B87EE201FD7F09300C0AA90 /* Home */,
				7B87EE1F1FD7F09300C0AA90 /* Other */,
				7B87EE191FD7F09200C0AA90 /* Base */,
				7B6668B71FD7ECBC009FD8AD /* Main.storyboard */,
				7B6668BA1FD7ECBC009FD8AD /* Assets.xcassets */,
				7B6668BC1FD7ECBC009FD8AD /* LaunchScreen.storyboard */,
				7B6668BF1FD7ECBC009FD8AD /* Info.plist */,
				7B6668C01FD7ECBC009FD8AD /* main.m */,
			);
			path = TimeBook;
			sourceTree = "<group>";
		};
		7B87EE191FD7F09200C0AA90 /* Base */ = {
			isa = PBXGroup;
			children = (
				7B87EE1A1FD7F09200C0AA90 /* Controllers */,
				7B87EE1B1FD7F09200C0AA90 /* Views */,
			);
			path = Base;
			sourceTree = "<group>";
		};
		7B87EE1A1FD7F09200C0AA90 /* Controllers */ = {
			isa = PBXGroup;
			children = (
				7B87EE241FD7F0DE00C0AA90 /* BaseNavigationController.h */,
				7B87EE221FD7F0DE00C0AA90 /* BaseNavigationController.m */,
				7B87EE251FD7F0DE00C0AA90 /* BaseViewController.h */,
				7B87EE261FD7F0DE00C0AA90 /* BaseViewController.m */,
			);
			path = Controllers;
			sourceTree = "<group>";
		};
		7B87EE1B1FD7F09200C0AA90 /* Views */ = {
			isa = PBXGroup;
			children = (
				7B0057E21FD8D56900DAFF1E /* BaseTableView.h */,
				7B0057E61FD8D56900DAFF1E /* BaseTableView.m */,
				7B0057E31FD8D56900DAFF1E /* BaseTableViewCell.h */,
				7B0057E41FD8D56900DAFF1E /* BaseTableViewCell.m */,
				7B0057E01FD8D56900DAFF1E /* ScrollViewFooter.h */,
				7B0057E71FD8D56900DAFF1E /* ScrollViewFooter.m */,
				7B0057E51FD8D56900DAFF1E /* ScrollViewHeader.h */,
				7B0057E11FD8D56900DAFF1E /* ScrollViewHeader.m */,
			);
			path = Views;
			sourceTree = "<group>";
		};
		7B87EE1C1FD7F09300C0AA90 /* Recommend */ = {
			isa = PBXGroup;
			children = (
				FB589B6A20B7BD3A00EFDD45 /* Controller */,
				FB589B6C20B7BD3B00EFDD45 /* Model */,
				FB589B6B20B7BD3A00EFDD45 /* View */,
			);
			path = Recommend;
			sourceTree = "<group>";
		};
		7B87EE1D1FD7F09300C0AA90 /* SampleReels */ = {
			isa = PBXGroup;
			children = (
				7B0058141FD8E32300DAFF1E /* SampleReelsController.h */,
				7B0058151FD8E32300DAFF1E /* SampleReelsController.m */,
				7B0058161FD8E32300DAFF1E /* SampleReelsController.xib */,
				7B8177181FDE2A900056636F /* SampleReelsCell.h */,
				7B8177191FDE2A900056636F /* SampleReelsCell.m */,
				7B81771A1FDE2A900056636F /* SampleReelsCell.xib */,
			);
			path = SampleReels;
			sourceTree = "<group>";
		};
		7B87EE1E1FD7F09300C0AA90 /* Wallpaper */ = {
			isa = PBXGroup;
			children = (
				FB589B6F20B7BD9A00EFDD45 /* Controller */,
				FB589B6D20B7BD9900EFDD45 /* Model */,
				FB589B6E20B7BD9A00EFDD45 /* View */,
				FBA2371A20A96B39001C9C07 /* MyAnnotation.h */,
				FBA2371B20A96B39001C9C07 /* MyAnnotation.m */,
			);
			path = Wallpaper;
			sourceTree = "<group>";
		};
		7B87EE1F1FD7F09300C0AA90 /* Other */ = {
			isa = PBXGroup;
			children = (
				7B00581E1FD8E94500DAFF1E /* Vendor */,
				7B0057EC1FD8D58600DAFF1E /* Categories */,
				FB676D6B20ABCF9400A1554C /* Custome */,
				7B2CB0A61FECC4C5002682E6 /* AFNet.h */,
				7B2CB0A51FECC4C5002682E6 /* AFNet.m */,
				7B87EE2C1FD7F26D00C0AA90 /* APPConfig.h */,
				7B87EE301FD7F26D00C0AA90 /* AppFramework.h */,
				7B6668B11FD7ECBC009FD8AD /* AppDelegate.h */,
				7B6668B21FD7ECBC009FD8AD /* AppDelegate.m */,
				7B3ACD6B1FDE7BA60099FB3D /* APPUtils.h */,
				7B3ACD6C1FDE7BA60099FB3D /* APPUtils.m */,
				7B81771E1FDE59170056636F /* LaunchView.h */,
				7B81771D1FDE59160056636F /* LaunchView.m */,
				7B8177201FDE5FB80056636F /* LaunchView.xib */,
				7B87EE2B1FD7F17E00C0AA90 /* AppHeader.pch */,
			);
			path = Other;
			sourceTree = "<group>";
		};
		7B87EE201FD7F09300C0AA90 /* Home */ = {
			isa = PBXGroup;
			children = (
				7B00580C1FD8DCD400DAFF1E /* HomeController.h */,
				7B00580D1FD8DCD400DAFF1E /* HomeController.m */,
				7B3ACD701FDE86D10099FB3D /* ThemeColorView.h */,
				7B3ACD711FDE86D10099FB3D /* ThemeColorView.m */,
				7B3ACD6E1FDE86BB0099FB3D /* ThemeColorView.xib */,
			);
			path = Home;
			sourceTree = "<group>";
		};
		FB589B6A20B7BD3A00EFDD45 /* Controller */ = {
			isa = PBXGroup;
			children = (
				7B00580F1FD8E30E00DAFF1E /* RecommendController.h */,
				7B0058101FD8E30E00DAFF1E /* RecommendController.m */,
				7B0058111FD8E30E00DAFF1E /* RecommendController.xib */,
				7B1ADB751FD91F9F0061FC69 /* RecommendDateDetailCtr.h */,
				7B1ADB761FD91F9F0061FC69 /* RecommendDateDetailCtr.m */,
				7B1ADB771FD91F9F0061FC69 /* RecommendDateDetailCtr.xib */,
				7B1ADB7A1FD91FBF0061FC69 /* RecommendArticleDetailCtr.h */,
				7B1ADB7B1FD91FBF0061FC69 /* RecommendArticleDetailCtr.m */,
				7B1ADB7C1FD91FBF0061FC69 /* RecommendArticleDetailCtr.xib */,
			);
			path = Controller;
			sourceTree = "<group>";
		};
		FB589B6B20B7BD3A00EFDD45 /* View */ = {
			isa = PBXGroup;
			children = (
				7B4578191FDA415E0076FDCF /* RecommendArticleDetailCell.h */,
				7B45781A1FDA415E0076FDCF /* RecommendArticleDetailCell.m */,
				7B45781B1FDA415E0076FDCF /* RecommendArticleDetailCell.xib */,
				7B45781E1FDA440E0076FDCF /* RecommendArticleDetailHeader.h */,
				7B45781F1FDA440E0076FDCF /* RecommendArticleDetailHeader.m */,
				7B4578211FDA44210076FDCF /* RecommendArticleDetailHeader.xib */,
			);
			path = View;
			sourceTree = "<group>";
		};
		FB589B6C20B7BD3B00EFDD45 /* Model */ = {
			isa = PBXGroup;
			children = (
				7B0058281FD8EF2B00DAFF1E /* RecommendModel.h */,
				7B0058291FD8EF2B00DAFF1E /* RecommendModel.m */,
			);
			path = Model;
			sourceTree = "<group>";
		};
		FB589B6D20B7BD9900EFDD45 /* Model */ = {
			isa = PBXGroup;
			children = (
				FB43BE9120A58EF000E3956F /* WallPaperCategoryModel.h */,
				FB43BE9220A58EF000E3956F /* WallPaperCategoryModel.m */,
				7B524F111FDBB6A700B2BA79 /* WallpaperModel.h */,
				7B524F121FDBB6A700B2BA79 /* WallpaperModel.m */,
			);
			path = Model;
			sourceTree = "<group>";
		};
		FB589B6E20B7BD9A00EFDD45 /* View */ = {
			isa = PBXGroup;
			children = (
				FBA2372720A998C6001C9C07 /* MainScreenWallpaperView.h */,
				FBA2372820A998C6001C9C07 /* MainScreenWallpaperView.m */,
				FBA2372A20A998CD001C9C07 /* MainScreenWallpaperView.xib */,
				FBA2372C20A9A4AF001C9C07 /* WallpaperDetailSetSheetView.h */,
				FBA2372D20A9A4AF001C9C07 /* WallpaperDetailSetSheetView.m */,
				FBA2372F20A9A4B8001C9C07 /* WallpaperDetailSetSheetView.xib */,
				FBA2372220A9907D001C9C07 /* LockWallpaperView.h */,
				FBA2372320A9907D001C9C07 /* LockWallpaperView.m */,
				FBA2372520A9908A001C9C07 /* LockWallpaperView.xib */,
				FBA236ED20A93B68001C9C07 /* WallpaperBottomView.h */,
				FBA236EE20A93B68001C9C07 /* WallpaperBottomView.m */,
				FBA236F020A93B6F001C9C07 /* WallpaperBottomView.xib */,
				FB43BE9420A5970700E3956F /* WallpaperCell.h */,
				FB43BE9520A5970700E3956F /* WallpaperCell.m */,
				FB43BE9620A5970700E3956F /* WallpaperCell.xib */,
				FB43BE9920A59B5700E3956F /* WallpaperHeaderView.h */,
				FB43BE9A20A59B5700E3956F /* WallpaperHeaderView.m */,
				FB43BE9B20A59B5700E3956F /* WallpaperHeaderView.xib */,
			);
			path = View;
			sourceTree = "<group>";
		};
		FB589B6F20B7BD9A00EFDD45 /* Controller */ = {
			isa = PBXGroup;
			children = (
				FB43BE9E20A5A27300E3956F /* WallpaperListController.h */,
				FB43BE9F20A5A27300E3956F /* WallpaperListController.m */,
				FBA236EA20A93A09001C9C07 /* WallpaperDetailController.h */,
				FBA236EB20A93A09001C9C07 /* WallpaperDetailController.m */,
				FB43BE8920A58C4200E3956F /* WallPagerCategoryController.h */,
				FB43BE8A20A58C4200E3956F /* WallPagerCategoryController.m */,
			);
			path = Controller;
			sourceTree = "<group>";
		};
		FB676D6B20ABCF9400A1554C /* Custome */ = {
			isa = PBXGroup;
			children = (
				FB676D6C20ABCFAD00A1554C /* DDCircleProgressView.h */,
				FB676D6D20ABCFAD00A1554C /* DDCircleProgressView.m */,
			);
			path = Custome;
			sourceTree = "<group>";
		};
		FB6E178720BBB6CB00AC77C2 /* Jpush */ = {
			isa = PBXGroup;
			children = (
				FB6E178920BBB6CB00AC77C2 /* jcore-ios-1.1.9.a */,
				FB6E178A20BBB6CB00AC77C2 /* JPushNotificationExtensionService.h */,
				FB6E178B20BBB6CB00AC77C2 /* JPUSHService.h */,
				FB6E178C20BBB6CB00AC77C2 /* jpush-ios-3.0.9.a */,
			);
			path = Jpush;
			sourceTree = "<group>";
		};
		FB6E179220BBBFE200AC77C2 /* janalytics */ = {
			isa = PBXGroup;
			children = (
				FB6E179420BBBFE200AC77C2 /* JANALYTICSService.h */,
				FB6E179520BBBFE200AC77C2 /* janalytics-ios-1.2.1.a */,
				FB6E179620BBBFE200AC77C2 /* JANALYTICSEventObject.h */,
			);
			path = janalytics;
			sourceTree = "<group>";
		};
/* End PBXGroup section */

/* Begin PBXNativeTarget section */
		7B6668AD1FD7ECBB009FD8AD /* TimeBook */ = {
			isa = PBXNativeTarget;
			buildConfigurationList = 7B6668C41FD7ECBC009FD8AD /* Build configuration list for PBXNativeTarget "TimeBook" */;
			buildPhases = (
				12342939E51AAF62A6973CCA /* [CP] Check Pods Manifest.lock */,
				7B6668AA1FD7ECBB009FD8AD /* Sources */,
				7B6668AB1FD7ECBB009FD8AD /* Frameworks */,
				7B6668AC1FD7ECBB009FD8AD /* Resources */,
				040D4ADDBA73A4AD89185859 /* [CP] Embed Pods Frameworks */,
				799CF6ECDE0FD07B878279F4 /* [CP] Copy Pods Resources */,
			);
			buildRules = (
			);
			dependencies = (
			);
			name = TimeBook;
			productName = TimeBook;
			productReference = 7B6668AE1FD7ECBB009FD8AD /* TimeBook.app */;
			productType = "com.apple.product-type.application";
		};
/* End PBXNativeTarget section */

/* Begin PBXProject section */
		7B6668A61FD7ECBB009FD8AD /* Project object */ = {
			isa = PBXProject;
			attributes = {
				LastUpgradeCheck = 0910;
				ORGANIZATIONNAME = CarMayor;
				TargetAttributes = {
					7B6668AD1FD7ECBB009FD8AD = {
						CreatedOnToolsVersion = 9.1;
						ProvisioningStyle = Manual;
						SystemCapabilities = {
							com.apple.BackgroundModes = {
								enabled = 1;
							};
							com.apple.Push = {
								enabled = 1;
							};
						};
					};
				};
			};
			buildConfigurationList = 7B6668A91FD7ECBB009FD8AD /* Build configuration list for PBXProject "TimeBook" */;
			compatibilityVersion = "Xcode 8.0";
			developmentRegion = en;
			hasScannedForEncodings = 0;
			knownRegions = (
				en,
				Base,
			);
			mainGroup = 7B6668A51FD7ECBB009FD8AD;
			productRefGroup = 7B6668AF1FD7ECBB009FD8AD /* Products */;
			projectDirPath = "";
			projectRoot = "";
			targets = (
				7B6668AD1FD7ECBB009FD8AD /* TimeBook */,
			);
		};
/* End PBXProject section */

/* Begin PBXResourcesBuildPhase section */
		7B6668AC1FD7ECBB009FD8AD /* Resources */ = {
			isa = PBXResourcesBuildPhase;
			buildActionMask = 2147483647;
			files = (
				7B1ADB7E1FD91FBF0061FC69 /* RecommendArticleDetailCtr.xib in Resources */,
				7B45781D1FDA415E0076FDCF /* RecommendArticleDetailCell.xib in Resources */,
				7B6668BE1FD7ECBC009FD8AD /* LaunchScreen.storyboard in Resources */,
				7B6668BB1FD7ECBC009FD8AD /* Assets.xcassets in Resources */,
				7B81771C1FDE2A900056636F /* SampleReelsCell.xib in Resources */,
				7B3ACD6F1FDE86BB0099FB3D /* ThemeColorView.xib in Resources */,
				7B8177211FDE5FB80056636F /* LaunchView.xib in Resources */,
				7B0058131FD8E30E00DAFF1E /* RecommendController.xib in Resources */,
				FBA236F120A93B6F001C9C07 /* WallpaperBottomView.xib in Resources */,
				FBA2373020A9A4B8001C9C07 /* WallpaperDetailSetSheetView.xib in Resources */,
				FBA2372620A9908A001C9C07 /* LockWallpaperView.xib in Resources */,
				FB43BE9D20A59B5700E3956F /* WallpaperHeaderView.xib in Resources */,
				7B4578221FDA44210076FDCF /* RecommendArticleDetailHeader.xib in Resources */,
				FBA2372B20A998CD001C9C07 /* MainScreenWallpaperView.xib in Resources */,
				7B6668B91FD7ECBC009FD8AD /* Main.storyboard in Resources */,
				7B0058181FD8E32300DAFF1E /* SampleReelsController.xib in Resources */,
				FB43BE9820A5970700E3956F /* WallpaperCell.xib in Resources */,
				7B1ADB791FD91F9F0061FC69 /* RecommendDateDetailCtr.xib in Resources */,
			);
			runOnlyForDeploymentPostprocessing = 0;
		};
/* End PBXResourcesBuildPhase section */

/* Begin PBXShellScriptBuildPhase section */
		040D4ADDBA73A4AD89185859 /* [CP] Embed Pods Frameworks */ = {
			isa = PBXShellScriptBuildPhase;
			buildActionMask = 2147483647;
			files = (
			);
			inputPaths = (
			);
			name = "[CP] Embed Pods Frameworks";
			outputPaths = (
			);
			runOnlyForDeploymentPostprocessing = 0;
			shellPath = /bin/sh;
			shellScript = "\"${SRCROOT}/Pods/Target Support Files/Pods-TimeBook/Pods-TimeBook-frameworks.sh\"\n";
			showEnvVarsInLog = 0;
		};
		12342939E51AAF62A6973CCA /* [CP] Check Pods Manifest.lock */ = {
			isa = PBXShellScriptBuildPhase;
			buildActionMask = 2147483647;
			files = (
			);
			inputPaths = (
				"${PODS_PODFILE_DIR_PATH}/Podfile.lock",
				"${PODS_ROOT}/Manifest.lock",
			);
			name = "[CP] Check Pods Manifest.lock";
			outputPaths = (
				"$(DERIVED_FILE_DIR)/Pods-TimeBook-checkManifestLockResult.txt",
			);
			runOnlyForDeploymentPostprocessing = 0;
			shellPath = /bin/sh;
			shellScript = "diff \"${PODS_PODFILE_DIR_PATH}/Podfile.lock\" \"${PODS_ROOT}/Manifest.lock\" > /dev/null\nif [ $? != 0 ] ; then\n    # print error to STDERR\n    echo \"error: The sandbox is not in sync with the Podfile.lock. Run 'pod install' or update your CocoaPods installation.\" >&2\n    exit 1\nfi\n# This output is used by Xcode 'outputs' to avoid re-running this script phase.\necho \"SUCCESS\" > \"${SCRIPT_OUTPUT_FILE_0}\"\n";
			showEnvVarsInLog = 0;
		};
		799CF6ECDE0FD07B878279F4 /* [CP] Copy Pods Resources */ = {
			isa = PBXShellScriptBuildPhase;
			buildActionMask = 2147483647;
			files = (
			);
			inputPaths = (
				"${SRCROOT}/Pods/Target Support Files/Pods-TimeBook/Pods-TimeBook-resources.sh",
				"${PODS_ROOT}/AdHubSDKPod/AdHubSDKPod/Classes/AdHubSDKResources.bundle",
				"${PODS_ROOT}/MJRefresh/MJRefresh/MJRefresh.bundle",
				"${PODS_ROOT}/SVProgressHUD/SVProgressHUD/SVProgressHUD.bundle",
			);
			name = "[CP] Copy Pods Resources";
			outputPaths = (
				"${TARGET_BUILD_DIR}/${UNLOCALIZED_RESOURCES_FOLDER_PATH}",
			);
			runOnlyForDeploymentPostprocessing = 0;
			shellPath = /bin/sh;
			shellScript = "\"${SRCROOT}/Pods/Target Support Files/Pods-TimeBook/Pods-TimeBook-resources.sh\"\n";
			showEnvVarsInLog = 0;
		};
/* End PBXShellScriptBuildPhase section */

/* Begin PBXSourcesBuildPhase section */
		7B6668AA1FD7ECBB009FD8AD /* Sources */ = {
			isa = PBXSourcesBuildPhase;
			buildActionMask = 2147483647;
			files = (
				7B3ACD721FDE86D10099FB3D /* ThemeColorView.m in Sources */,
				7B0057EB1FD8D56900DAFF1E /* ScrollViewFooter.m in Sources */,
				FB43BE9320A58EF000E3956F /* WallPaperCategoryModel.m in Sources */,
				7B0058031FD8D58600DAFF1E /* NSDateFormatter+Category.m in Sources */,
				7B0058271FD8E94D00DAFF1E /* NewPagedFlowView.m in Sources */,
				7B0058041FD8D58600DAFF1E /* NSObject+Initializtion.m in Sources */,
				7B981F2D1FD9069E00363299 /* NSString+Util.m in Sources */,
				7B1ADB7D1FD91FBF0061FC69 /* RecommendArticleDetailCtr.m in Sources */,
				7B0058071FD8D58600DAFF1E /* UIImage+Util.m in Sources */,
				7B0057EA1FD8D56900DAFF1E /* BaseTableView.m in Sources */,
				7B1ADB781FD91F9F0061FC69 /* RecommendDateDetailCtr.m in Sources */,
				FB43BE9C20A59B5700E3956F /* WallpaperHeaderView.m in Sources */,
				FB676D6E20ABCFAD00A1554C /* DDCircleProgressView.m in Sources */,
				FBA2372920A998C6001C9C07 /* MainScreenWallpaperView.m in Sources */,
				7B0058121FD8E30E00DAFF1E /* RecommendController.m in Sources */,
				7B0058061FD8D58600DAFF1E /* UIButton+Util.m in Sources */,
				7B00582A1FD8EF2B00DAFF1E /* RecommendModel.m in Sources */,
				7B0057E81FD8D56900DAFF1E /* ScrollViewHeader.m in Sources */,
				7B00580E1FD8DCD400DAFF1E /* HomeController.m in Sources */,
				7B4578201FDA440E0076FDCF /* RecommendArticleDetailHeader.m in Sources */,
				FBA236EC20A93A09001C9C07 /* WallpaperDetailController.m in Sources */,
				7B00580B1FD8D58600DAFF1E /* UIView+Util.m in Sources */,
				FB43BEA020A5A27300E3956F /* WallpaperListController.m in Sources */,
				FB43BE8B20A58C4200E3956F /* WallPagerCategoryController.m in Sources */,
				7B87EE281FD7F0DE00C0AA90 /* BaseNavigationController.m in Sources */,
				7B0058081FD8D58600DAFF1E /* UIImageView+Util.m in Sources */,
				7B0057E91FD8D56900DAFF1E /* BaseTableViewCell.m in Sources */,
				7B3ACD6D1FDE7BA60099FB3D /* APPUtils.m in Sources */,
				7B87EE291FD7F0DE00C0AA90 /* BaseViewController.m in Sources */,
				FBA2372E20A9A4AF001C9C07 /* WallpaperDetailSetSheetView.m in Sources */,
				7B45781C1FDA415E0076FDCF /* RecommendArticleDetailCell.m in Sources */,
				7B0058091FD8D58600DAFF1E /* UILabel+Util.m in Sources */,
				7B00580A1FD8D58600DAFF1E /* UIScrollView+Util.m in Sources */,
				7B0058021FD8D58600DAFF1E /* NSDate+Category.m in Sources */,
				FBA236EF20A93B68001C9C07 /* WallpaperBottomView.m in Sources */,
				7B0058261FD8E94D00DAFF1E /* PGIndexBannerSubiew.m in Sources */,
				FB43BE9720A5970700E3956F /* WallpaperCell.m in Sources */,
				7B81771F1FDE59170056636F /* LaunchView.m in Sources */,
				FBA2372420A9907D001C9C07 /* LockWallpaperView.m in Sources */,
				7B81771B1FDE2A900056636F /* SampleReelsCell.m in Sources */,
				7B6668C11FD7ECBC009FD8AD /* main.m in Sources */,
				7B524F131FDBB6A700B2BA79 /* WallpaperModel.m in Sources */,
				7B2CB0A71FECC4C5002682E6 /* AFNet.m in Sources */,
				7B6668B31FD7ECBC009FD8AD /* AppDelegate.m in Sources */,
				7B0058171FD8E32300DAFF1E /* SampleReelsController.m in Sources */,
				FBA2371C20A96B39001C9C07 /* MyAnnotation.m in Sources */,
			);
			runOnlyForDeploymentPostprocessing = 0;
		};
/* End PBXSourcesBuildPhase section */

/* Begin PBXVariantGroup section */
		7B6668B71FD7ECBC009FD8AD /* Main.storyboard */ = {
			isa = PBXVariantGroup;
			children = (
				7B6668B81FD7ECBC009FD8AD /* Base */,
			);
			name = Main.storyboard;
			sourceTree = "<group>";
		};
		7B6668BC1FD7ECBC009FD8AD /* LaunchScreen.storyboard */ = {
			isa = PBXVariantGroup;
			children = (
				7B6668BD1FD7ECBC009FD8AD /* Base */,
			);
			name = LaunchScreen.storyboard;
			sourceTree = "<group>";
		};
/* End PBXVariantGroup section */

/* Begin XCBuildConfiguration section */
		7B6668C21FD7ECBC009FD8AD /* Debug */ = {
			isa = XCBuildConfiguration;
			buildSettings = {
				ALWAYS_SEARCH_USER_PATHS = NO;
				CLANG_ANALYZER_NONNULL = YES;
				CLANG_ANALYZER_NUMBER_OBJECT_CONVERSION = YES_AGGRESSIVE;
				CLANG_CXX_LANGUAGE_STANDARD = "gnu++14";
				CLANG_CXX_LIBRARY = "libc++";
				CLANG_ENABLE_MODULES = YES;
				CLANG_ENABLE_OBJC_ARC = YES;
				CLANG_WARN_BLOCK_CAPTURE_AUTORELEASING = YES;
				CLANG_WARN_BOOL_CONVERSION = YES;
				CLANG_WARN_COMMA = YES;
				CLANG_WARN_CONSTANT_CONVERSION = YES;
				CLANG_WARN_DIRECT_OBJC_ISA_USAGE = YES_ERROR;
				CLANG_WARN_DOCUMENTATION_COMMENTS = YES;
				CLANG_WARN_EMPTY_BODY = YES;
				CLANG_WARN_ENUM_CONVERSION = YES;
				CLANG_WARN_INFINITE_RECURSION = YES;
				CLANG_WARN_INT_CONVERSION = YES;
				CLANG_WARN_NON_LITERAL_NULL_CONVERSION = YES;
				CLANG_WARN_OBJC_LITERAL_CONVERSION = YES;
				CLANG_WARN_OBJC_ROOT_CLASS = YES_ERROR;
				CLANG_WARN_RANGE_LOOP_ANALYSIS = YES;
				CLANG_WARN_STRICT_PROTOTYPES = YES;
				CLANG_WARN_SUSPICIOUS_MOVE = YES;
				CLANG_WARN_UNGUARDED_AVAILABILITY = YES_AGGRESSIVE;
				CLANG_WARN_UNREACHABLE_CODE = YES;
				CLANG_WARN__DUPLICATE_METHOD_MATCH = YES;
				CODE_SIGN_IDENTITY = "iPhone Developer";
				COPY_PHASE_STRIP = NO;
				DEBUG_INFORMATION_FORMAT = dwarf;
				ENABLE_STRICT_OBJC_MSGSEND = YES;
				ENABLE_TESTABILITY = YES;
				GCC_C_LANGUAGE_STANDARD = gnu11;
				GCC_DYNAMIC_NO_PIC = NO;
				GCC_NO_COMMON_BLOCKS = YES;
				GCC_OPTIMIZATION_LEVEL = 0;
				GCC_PREPROCESSOR_DEFINITIONS = (
					"DEBUG=1",
					"$(inherited)",
				);
				GCC_WARN_64_TO_32_BIT_CONVERSION = YES;
				GCC_WARN_ABOUT_RETURN_TYPE = YES_ERROR;
				GCC_WARN_UNDECLARED_SELECTOR = YES;
				GCC_WARN_UNINITIALIZED_AUTOS = YES_AGGRESSIVE;
				GCC_WARN_UNUSED_FUNCTION = YES;
				GCC_WARN_UNUSED_VARIABLE = YES;
				IPHONEOS_DEPLOYMENT_TARGET = 11.1;
				MTL_ENABLE_DEBUG_INFO = YES;
				ONLY_ACTIVE_ARCH = YES;
				SDKROOT = iphoneos;
			};
			name = Debug;
		};
		7B6668C31FD7ECBC009FD8AD /* Release */ = {
			isa = XCBuildConfiguration;
			buildSettings = {
				ALWAYS_SEARCH_USER_PATHS = NO;
				CLANG_ANALYZER_NONNULL = YES;
				CLANG_ANALYZER_NUMBER_OBJECT_CONVERSION = YES_AGGRESSIVE;
				CLANG_CXX_LANGUAGE_STANDARD = "gnu++14";
				CLANG_CXX_LIBRARY = "libc++";
				CLANG_ENABLE_MODULES = YES;
				CLANG_ENABLE_OBJC_ARC = YES;
				CLANG_WARN_BLOCK_CAPTURE_AUTORELEASING = YES;
				CLANG_WARN_BOOL_CONVERSION = YES;
				CLANG_WARN_COMMA = YES;
				CLANG_WARN_CONSTANT_CONVERSION = YES;
				CLANG_WARN_DIRECT_OBJC_ISA_USAGE = YES_ERROR;
				CLANG_WARN_DOCUMENTATION_COMMENTS = YES;
				CLANG_WARN_EMPTY_BODY = YES;
				CLANG_WARN_ENUM_CONVERSION = YES;
				CLANG_WARN_INFINITE_RECURSION = YES;
				CLANG_WARN_INT_CONVERSION = YES;
				CLANG_WARN_NON_LITERAL_NULL_CONVERSION = YES;
				CLANG_WARN_OBJC_LITERAL_CONVERSION = YES;
				CLANG_WARN_OBJC_ROOT_CLASS = YES_ERROR;
				CLANG_WARN_RANGE_LOOP_ANALYSIS = YES;
				CLANG_WARN_STRICT_PROTOTYPES = YES;
				CLANG_WARN_SUSPICIOUS_MOVE = YES;
				CLANG_WARN_UNGUARDED_AVAILABILITY = YES_AGGRESSIVE;
				CLANG_WARN_UNREACHABLE_CODE = YES;
				CLANG_WARN__DUPLICATE_METHOD_MATCH = YES;
				CODE_SIGN_IDENTITY = "iPhone Developer";
				COPY_PHASE_STRIP = NO;
				DEBUG_INFORMATION_FORMAT = "dwarf-with-dsym";
				ENABLE_NS_ASSERTIONS = NO;
				ENABLE_STRICT_OBJC_MSGSEND = YES;
				GCC_C_LANGUAGE_STANDARD = gnu11;
				GCC_NO_COMMON_BLOCKS = YES;
				GCC_WARN_64_TO_32_BIT_CONVERSION = YES;
				GCC_WARN_ABOUT_RETURN_TYPE = YES_ERROR;
				GCC_WARN_UNDECLARED_SELECTOR = YES;
				GCC_WARN_UNINITIALIZED_AUTOS = YES_AGGRESSIVE;
				GCC_WARN_UNUSED_FUNCTION = YES;
				GCC_WARN_UNUSED_VARIABLE = YES;
				IPHONEOS_DEPLOYMENT_TARGET = 11.1;
				MTL_ENABLE_DEBUG_INFO = NO;
				SDKROOT = iphoneos;
				VALIDATE_PRODUCT = YES;
			};
			name = Release;
		};
		7B6668C51FD7ECBC009FD8AD /* Debug */ = {
			isa = XCBuildConfiguration;
			baseConfigurationReference = 9F1F43216DAB7A52ECE269C0 /* Pods-TimeBook.debug.xcconfig */;
			buildSettings = {
				ASSETCATALOG_COMPILER_APPICON_NAME = AppIcon;
				CODE_SIGN_ENTITLEMENTS = TimeBook/TimeBook.entitlements;
				"CODE_SIGN_IDENTITY[sdk=iphoneos*]" = "iPhone Developer";
				CODE_SIGN_STYLE = Manual;
				DEVELOPMENT_TEAM = 8L4W5XFHVG;
				ENABLE_BITCODE = NO;
				GCC_PREFIX_HEADER = "$(PROJECT_DIR)/$(PROJECT_NAME)/Other/APPHeader.pch";
				INFOPLIST_FILE = TimeBook/Info.plist;
				IPHONEOS_DEPLOYMENT_TARGET = 10.0;
				LD_RUNPATH_SEARCH_PATHS = "$(inherited) @executable_path/Frameworks";
				LIBRARY_SEARCH_PATHS = (
					"$(inherited)",
					"$(PROJECT_DIR)/TimeBook/Other/Vendor/Jpush",
					"$(PROJECT_DIR)/TimeBook/Other/Vendor/janalytics",
				);
				PRODUCT_BUNDLE_IDENTIFIER = com.sky.today;
				PRODUCT_NAME = "$(TARGET_NAME)";
				PROVISIONING_PROFILE = "2afd9a35-7c93-45b9-aa19-c973863f8410";
				PROVISIONING_PROFILE_SPECIFIER = today_dev;
				TARGETED_DEVICE_FAMILY = 1;
			};
			name = Debug;
		};
		7B6668C61FD7ECBC009FD8AD /* Release */ = {
			isa = XCBuildConfiguration;
			baseConfigurationReference = ED4683E5D6D961CECBB925F0 /* Pods-TimeBook.release.xcconfig */;
			buildSettings = {
				ASSETCATALOG_COMPILER_APPICON_NAME = AppIcon;
				CODE_SIGN_ENTITLEMENTS = TimeBook/TimeBook.entitlements;
				"CODE_SIGN_IDENTITY[sdk=iphoneos*]" = "iPhone Distribution";
				CODE_SIGN_STYLE = Manual;
				DEVELOPMENT_TEAM = 8L4W5XFHVG;
				ENABLE_BITCODE = NO;
				GCC_PREFIX_HEADER = "$(PROJECT_DIR)/$(PROJECT_NAME)/Other/APPHeader.pch";
				INFOPLIST_FILE = TimeBook/Info.plist;
				IPHONEOS_DEPLOYMENT_TARGET = 10.0;
				LD_RUNPATH_SEARCH_PATHS = "$(inherited) @executable_path/Frameworks";
				LIBRARY_SEARCH_PATHS = (
					"$(inherited)",
					"$(PROJECT_DIR)/TimeBook/Other/Vendor/Jpush",
					"$(PROJECT_DIR)/TimeBook/Other/Vendor/janalytics",
				);
				PRODUCT_BUNDLE_IDENTIFIER = com.sky.today;
				PRODUCT_NAME = "$(TARGET_NAME)";
				PROVISIONING_PROFILE = "f042f964-194d-43cc-99c8-da6397236a88";
				PROVISIONING_PROFILE_SPECIFIER = today_dis;
				TARGETED_DEVICE_FAMILY = 1;
			};
			name = Release;
		};
/* End XCBuildConfiguration section */

/* Begin XCConfigurationList section */
		7B6668A91FD7ECBB009FD8AD /* Build configuration list for PBXProject "TimeBook" */ = {
			isa = XCConfigurationList;
			buildConfigurations = (
				7B6668C21FD7ECBC009FD8AD /* Debug */,
				7B6668C31FD7ECBC009FD8AD /* Release */,
			);
			defaultConfigurationIsVisible = 0;
			defaultConfigurationName = Release;
		};
		7B6668C41FD7ECBC009FD8AD /* Build configuration list for PBXNativeTarget "TimeBook" */ = {
			isa = XCConfigurationList;
			buildConfigurations = (
				7B6668C51FD7ECBC009FD8AD /* Debug */,
				7B6668C61FD7ECBC009FD8AD /* Release */,
			);
			defaultConfigurationIsVisible = 0;
			defaultConfigurationName = Release;
		};
/* End XCConfigurationList section */
	};
	rootObject = 7B6668A61FD7ECBB009FD8AD /* Project object */;
}
